
Microsoft Visual Studio Solution File, Format Version 12.00
# Visual Studio Version 16
VisualStudioVersion = 16.0.30330.147
MinimumVisualStudioVersion = 10.0.40219.1
Project("{FAE04EC0-301F-11D3-BF4B-00C04F79EFBC}") = "prototype", "6-prototype\prototype.csproj", "{6B18DED6-25CE-4B62-8FE5-EEAFF8857D38}"
EndProject
Global
	GlobalSection(SolutionConfigurationPlatforms) = preSolution
		Debug|Any CPU = Debug|Any CPU
		Release|Any CPU = Release|Any CPU
	EndGlobalSection
	GlobalSection(ProjectConfigurationPlatforms) = postSolution
		{6B18DED6-25CE-4B62-8FE5-EEAFF8857D38}.Debug|Any CPU.ActiveCfg = Debug|Any CPU
		{6B18DED6-25CE-4B62-8FE5-EEAFF8857D38}.Debug|Any CPU.Build.0 = Debug|Any CPU
		{6B18DED6-25CE-4B62-8FE5-EEAFF8857D38}.Release|Any CPU.ActiveCfg = Release|Any CPU
		{6B18DED6-25CE-4B62-8FE5-EEAFF8857D38}.Release|Any CPU.Build.0 = Release|Any CPU
	EndGlobalSection
	GlobalSection(SolutionProperties) = preSolution
		HideSolutionNode = FALSE
	EndGlobalSection
	GlobalSection(ExtensibilityGlobals) = postSolution
		SolutionGuid = {9A7B1BD3-8C44-4ACC-9197-3F502B357010}
	EndGlobalSection
EndGlobal
