
Microsoft Visual Studio Solution File, Format Version 12.00
# Visual Studio Version 16
VisualStudioVersion = 16.0.30330.147
MinimumVisualStudioVersion = 10.0.40219.1
Project("{9A19103F-16F7-4668-BE54-9A1E7A4F7556}") = "prototype", "6-prototype\prototype.csproj", "{6B18DED6-25CE-4B62-8FE5-EEAFF8857D38}"
EndProject
Project("{9A19103F-16F7-4668-BE54-9A1E7A4F7556}") = "visitor", "13-Visitor\visitor\visitor\visitor.csproj", "{26D0CE52-7E4A-41EC-96AC-98899476C201}"
EndProject
Project("{9A19103F-16F7-4668-BE54-9A1E7A4F7556}") = "Flyweight", "20-Flyweight\Flyweight\Flyweight.csproj", "{D0E0A39B-053D-4CEF-BA4A-1A5C11A01DBA}"
EndProject
Project("{FAE04EC0-301F-11D3-BF4B-00C04F79EFBC}") = "Interpreter", "23-Interpreter\nanaka\Interpreter\Interpreter.csproj", "{7313BED1-6BB8-42CF-A43B-331EA66AB39F}"
EndProject
Global
	GlobalSection(SolutionConfigurationPlatforms) = preSolution
		Debug|Any CPU = Debug|Any CPU
		Release|Any CPU = Release|Any CPU
	EndGlobalSection
	GlobalSection(ProjectConfigurationPlatforms) = postSolution
		{6B18DED6-25CE-4B62-8FE5-EEAFF8857D38}.Debug|Any CPU.ActiveCfg = Debug|Any CPU
		{6B18DED6-25CE-4B62-8FE5-EEAFF8857D38}.Debug|Any CPU.Build.0 = Debug|Any CPU
		{6B18DED6-25CE-4B62-8FE5-EEAFF8857D38}.Release|Any CPU.ActiveCfg = Release|Any CPU
		{6B18DED6-25CE-4B62-8FE5-EEAFF8857D38}.Release|Any CPU.Build.0 = Release|Any CPU
		{26D0CE52-7E4A-41EC-96AC-98899476C201}.Debug|Any CPU.ActiveCfg = Debug|Any CPU
		{26D0CE52-7E4A-41EC-96AC-98899476C201}.Debug|Any CPU.Build.0 = Debug|Any CPU
		{26D0CE52-7E4A-41EC-96AC-98899476C201}.Release|Any CPU.ActiveCfg = Release|Any CPU
		{26D0CE52-7E4A-41EC-96AC-98899476C201}.Release|Any CPU.Build.0 = Release|Any CPU
		{D0E0A39B-053D-4CEF-BA4A-1A5C11A01DBA}.Debug|Any CPU.ActiveCfg = Debug|Any CPU
		{D0E0A39B-053D-4CEF-BA4A-1A5C11A01DBA}.Debug|Any CPU.Build.0 = Debug|Any CPU
		{D0E0A39B-053D-4CEF-BA4A-1A5C11A01DBA}.Release|Any CPU.ActiveCfg = Release|Any CPU
		{D0E0A39B-053D-4CEF-BA4A-1A5C11A01DBA}.Release|Any CPU.Build.0 = Release|Any CPU
		{7313BED1-6BB8-42CF-A43B-331EA66AB39F}.Debug|Any CPU.ActiveCfg = Debug|Any CPU
		{7313BED1-6BB8-42CF-A43B-331EA66AB39F}.Debug|Any CPU.Build.0 = Debug|Any CPU
		{7313BED1-6BB8-42CF-A43B-331EA66AB39F}.Release|Any CPU.ActiveCfg = Release|Any CPU
		{7313BED1-6BB8-42CF-A43B-331EA66AB39F}.Release|Any CPU.Build.0 = Release|Any CPU
	EndGlobalSection
	GlobalSection(SolutionProperties) = preSolution
		HideSolutionNode = FALSE
	EndGlobalSection
	GlobalSection(ExtensibilityGlobals) = postSolution
		SolutionGuid = {9A7B1BD3-8C44-4ACC-9197-3F502B357010}
	EndGlobalSection
EndGlobal
